
Microsoft Visual Studio Solution File, Format Version 12.00
# Visual Studio Version 17
VisualStudioVersion = 17.13.35825.156 d17.13
MinimumVisualStudioVersion = 10.0.40219.1
Project("{FAE04EC0-301F-11D3-BF4B-00C04F79EFBC}") = "DatabaseIntegration", "DatabaseIntegration\DatabaseIntegration.csproj", "{AFE09510-C6E3-445F-B04B-D2F26CBE5F8B}"
EndProject
Global
	GlobalSection(SolutionConfigurationPlatforms) = preSolution
		Debug|Any CPU = Debug|Any CPU
		Release|Any CPU = Release|Any CPU
	EndGlobalSection
	GlobalSection(ProjectConfigurationPlatforms) = postSolution
		{AFE09510-C6E3-445F-B04B-D2F26CBE5F8B}.Debug|Any CPU.ActiveCfg = Debug|Any CPU
		{AFE09510-C6E3-445F-B04B-D2F26CBE5F8B}.Debug|Any CPU.Build.0 = Debug|Any CPU
		{AFE09510-C6E3-445F-B04B-D2F26CBE5F8B}.Release|Any CPU.ActiveCfg = Release|Any CPU
		{AFE09510-C6E3-445F-B04B-D2F26CBE5F8B}.Release|Any CPU.Build.0 = Release|Any CPU
	EndGlobalSection
	GlobalSection(SolutionProperties) = preSolution
		HideSolutionNode = FALSE
	EndGlobalSection
	GlobalSection(ExtensibilityGlobals) = postSolution
		SolutionGuid = {BE3A2687-CFDD-439C-BEC5-82473A81C3A1}
	EndGlobalSection
EndGlobal
